
Microsoft Visual Studio Solution File, Format Version 12.00
Project("{FAE04EC0-301F-11D3-BF4B-00C04F79EFBC}") = "AspNetCoreDiByName", "AspNetCoreDiByName\AspNetCoreDiByName.csproj", "{B99C8F4A-D2B3-45F0-9E99-05982C25D72B}"
EndProject
Global
	GlobalSection(SolutionConfigurationPlatforms) = preSolution
		Debug|Any CPU = Debug|Any CPU
		Release|Any CPU = Release|Any CPU
	EndGlobalSection
	GlobalSection(ProjectConfigurationPlatforms) = postSolution
		{B99C8F4A-D2B3-45F0-9E99-05982C25D72B}.Debug|Any CPU.ActiveCfg = Debug|Any CPU
		{B99C8F4A-D2B3-45F0-9E99-05982C25D72B}.Debug|Any CPU.Build.0 = Debug|Any CPU
		{B99C8F4A-D2B3-45F0-9E99-05982C25D72B}.Release|Any CPU.ActiveCfg = Release|Any CPU
		{B99C8F4A-D2B3-45F0-9E99-05982C25D72B}.Release|Any CPU.Build.0 = Release|Any CPU
	EndGlobalSection
EndGlobal
